
Microsoft Visual Studio Solution File, Format Version 12.00
# Visual Studio 15
VisualStudioVersion = 15.0.28307.136
MinimumVisualStudioVersion = 10.0.40219.1
Project("{FAE04EC0-301F-11D3-BF4B-00C04F79EFBC}") = "DFC.Common.Framework", "DFC.Common.Framework\DFC.Common.Framework.csproj", "{81659A77-4FB0-496E-B371-7247C2DACC60}"
EndProject
Global
	GlobalSection(SolutionConfigurationPlatforms) = preSolution
		Debug|Any CPU = Debug|Any CPU
		Release|Any CPU = Release|Any CPU
	EndGlobalSection
	GlobalSection(ProjectConfigurationPlatforms) = postSolution
		{81659A77-4FB0-496E-B371-7247C2DACC60}.Debug|Any CPU.ActiveCfg = Debug|Any CPU
		{81659A77-4FB0-496E-B371-7247C2DACC60}.Debug|Any CPU.Build.0 = Debug|Any CPU
		{81659A77-4FB0-496E-B371-7247C2DACC60}.Release|Any CPU.ActiveCfg = Release|Any CPU
		{81659A77-4FB0-496E-B371-7247C2DACC60}.Release|Any CPU.Build.0 = Release|Any CPU
	EndGlobalSection
	GlobalSection(SolutionProperties) = preSolution
		HideSolutionNode = FALSE
	EndGlobalSection
	GlobalSection(ExtensibilityGlobals) = postSolution
		SolutionGuid = {9C6F4715-8E5E-4D48-9944-0960C6138706}
	EndGlobalSection
EndGlobal
